<?xml version="1.0" encoding="utf-8"?>
<Project ToolsVersion="4.0" xmlns="http://schemas.microsoft.com/developer/msbuild/2003">
  <ItemGroup>
    <Filter Include="TrainingFramework\src">
      <UniqueIdentifier>{8a7743df-99d6-42d7-8300-83c77d25c345}</UniqueIdentifier>
    </Filter>
    <Filter Include="TrainingFramework">
      <UniqueIdentifier>{b7c91549-da04-4eee-96da-520fa8f75a57}</UniqueIdentifier>
    </Filter>
    <Filter Include="TrainingFramework\src\GameObject">
      <UniqueIdentifier>{486a991c-381d-4836-b7f7-6a9b4c66f5d8}</UniqueIdentifier>
    </Filter>
    <Filter Include="TrainingFramework\src\GameManager">
      <UniqueIdentifier>{7027cc7e-3941-43d3-9fd3-7009a76c222b}</UniqueIdentifier>
    </Filter>
    <Filter Include="TrainingFramework\src\GameStates">
      <UniqueIdentifier>{2a875364-1a2b-4ea6-a6fe-716988208916}</UniqueIdentifier>
    </Filter>
  </ItemGroup>
  <ItemGroup>
    <None Include="ClassDiagram.cd" />
  </ItemGroup>
  <ItemGroup>
    <ClCompile Include="src\GameManager\ResourceManagers.cpp" />
    <ClCompile Include="src\GameObject\Camera.cpp" />
    <ClCompile Include="src\GameObject\Font.cpp" />
    <ClCompile Include="src\GameObject\GameButton.cpp" />
    <ClCompile Include="src\GameObject\Model.cpp" />
    <ClCompile Include="src\GameObject\Shader.cpp" />
    <ClCompile Include="src\GameObject\Sprite2D.cpp" />
    <ClCompile Include="src\GameObject\Sprite3D.cpp" />
    <ClCompile Include="src\GameObject\SpriteAnimation.cpp" />
    <ClCompile Include="src\GameObject\Text.cpp" />
    <ClCompile Include="src\GameObject\Texture.cpp" />
    <ClCompile Include="src\GameStates\GameStateBase.cpp" />
    <ClCompile Include="src\GameStates\GameStateMachine.cpp" />
    <ClCompile Include="src\GameStates\GSIntro.cpp" />
    <ClCompile Include="src\GameStates\GSMenu.cpp" />
    <ClCompile Include="src\GameStates\GSPlay.cpp" />
    <ClCompile Include="src\Application.cpp" />
    <ClCompile Include="src\TrainingFramework.cpp" />
    <ClCompile Include="src\GameObject\Player.cpp" />
    <ClCompile Include="src\GameObject\SkillObstacle.cpp" />
    <ClCompile Include="src\GameObject\ObstacleSpawner.cpp" />
    <ClCompile Include="src\GameObject\BoxCollider2D.cpp" />
    <ClCompile Include="src\GameObject\CircleCollider2D.cpp" />
  </ItemGroup>
  <ItemGroup>
    <ClInclude Include="src\GameManager\ResourceManagers.h" />
    <ClInclude Include="src\GameManager\Singleton.h" />
    <ClInclude Include="src\GameObject\BaseObject.h" />
    <ClInclude Include="src\GameObject\Camera.h" />
    <ClInclude Include="src\GameObject\Font.h" />
    <ClInclude Include="src\GameObject\GameButton.h" />
    <ClInclude Include="src\GameObject\Model.h" />
    <ClInclude Include="src\GameObject\Shader.h" />
    <ClInclude Include="src\GameObject\Sprite2D.h" />
    <ClInclude Include="src\GameObject\Sprite3D.h" />
    <ClInclude Include="src\GameObject\SpriteAnimation.h" />
    <ClInclude Include="src\GameObject\Text.h" />
    <ClInclude Include="src\GameObject\Texture.h" />
    <ClInclude Include="src\GameStates\GameStateBase.h" />
    <ClInclude Include="src\GameStates\GameStateMachine.h" />
    <ClInclude Include="src\GameStates\GSIntro.h" />
    <ClInclude Include="src\GameStates\GSMenu.h" />
    <ClInclude Include="src\GameStates\GSPlay.h" />
    <ClInclude Include="src\Application.h" />
    <ClInclude Include="src\GameConfig.h" />
    <ClInclude Include="src\GameObject\Player.h" />
    <ClInclude Include="src\GameObject\SkillObstacle.h" />
    <ClInclude Include="src\GameObject\ObstacleSpawner.h" />
    <ClInclude Include="src\GameObject\BoxCollider2D.h" />
    <ClInclude Include="src\GameObject\CircleCollider2D.h" />
  </ItemGroup>
  <ItemGroup>
    <Text Include="src\NewFile.txt" />
  </ItemGroup>
</Project>